
Microsoft Visual Studio Solution File, Format Version 12.00
# Visual Studio Version 17
VisualStudioVersion = 17.2.32630.192
MinimumVisualStudioVersion = 10.0.40219.1
Project("{2150E333-8FDC-42A3-9474-1A3956D46DE8}") = "Services", "Services", "{85B4920D-E3D2-4EFC-8EBB-36F676970F83}"
EndProject
Project("{2150E333-8FDC-42A3-9474-1A3956D46DE8}") = "User", "User", "{4D1A8586-386D-4A92-A59A-099395B6559A}"
EndProject
Project("{9A19103F-16F7-4668-BE54-9A1E7A4F7556}") = "User.API", "Services\User\User.API\User.API.csproj", "{4496FE6A-EE26-4091-B3C1-179A32D74F1B}"
EndProject
Project("{E53339B2-1760-4266-BCC7-CA923CBCF16C}") = "docker-compose", "docker-compose.dcproj", "{ABB8839B-BD86-4234-911C-9BDC34B3C20B}"
EndProject
Project("{2150E333-8FDC-42A3-9474-1A3956D46DE8}") = "Project", "Project", "{888A080F-BCBE-4437-8DC6-12F015B2224E}"
EndProject
Project("{9A19103F-16F7-4668-BE54-9A1E7A4F7556}") = "Project.API", "Services\Project\Project.API\Project.API.csproj", "{6B3CDD7A-7335-4950-8A14-DCE5F7AD1EB7}"
EndProject
Project("{2150E333-8FDC-42A3-9474-1A3956D46DE8}") = "Report", "Report", "{9448DDFC-6C83-4925-A4ED-122706B62749}"
EndProject
Project("{9A19103F-16F7-4668-BE54-9A1E7A4F7556}") = "Report.API", "Services\Report\Report.API\Report.API.csproj", "{56114CE8-A0FE-41D6-A338-4D2802E149F6}"
EndProject
Project("{FAE04EC0-301F-11D3-BF4B-00C04F79EFBC}") = "Report.Application", "Services\Report\Report.Application\Report.Application.csproj", "{9F8A406F-82ED-4635-8E16-12BE85DA36C9}"
EndProject
Project("{FAE04EC0-301F-11D3-BF4B-00C04F79EFBC}") = "Report.Domain", "Services\Report\Report.Domain\Report.Domain.csproj", "{E11C993E-B867-491C-8C53-2B24E4D2E6E6}"
EndProject
Project("{FAE04EC0-301F-11D3-BF4B-00C04F79EFBC}") = "Report.Infrastructure", "Services\Report\Report.Infrastructure\Report.Infrastructure.csproj", "{4CF7B117-3558-4D3E-A6B7-8C6D59A2D89F}"
EndProject
Global
	GlobalSection(SolutionConfigurationPlatforms) = preSolution
		Debug|Any CPU = Debug|Any CPU
		Release|Any CPU = Release|Any CPU
	EndGlobalSection
	GlobalSection(ProjectConfigurationPlatforms) = postSolution
		{4496FE6A-EE26-4091-B3C1-179A32D74F1B}.Debug|Any CPU.ActiveCfg = Debug|Any CPU
		{4496FE6A-EE26-4091-B3C1-179A32D74F1B}.Debug|Any CPU.Build.0 = Debug|Any CPU
		{4496FE6A-EE26-4091-B3C1-179A32D74F1B}.Release|Any CPU.ActiveCfg = Release|Any CPU
		{4496FE6A-EE26-4091-B3C1-179A32D74F1B}.Release|Any CPU.Build.0 = Release|Any CPU
		{ABB8839B-BD86-4234-911C-9BDC34B3C20B}.Debug|Any CPU.ActiveCfg = Debug|Any CPU
		{ABB8839B-BD86-4234-911C-9BDC34B3C20B}.Debug|Any CPU.Build.0 = Debug|Any CPU
		{ABB8839B-BD86-4234-911C-9BDC34B3C20B}.Release|Any CPU.ActiveCfg = Release|Any CPU
		{ABB8839B-BD86-4234-911C-9BDC34B3C20B}.Release|Any CPU.Build.0 = Release|Any CPU
		{6B3CDD7A-7335-4950-8A14-DCE5F7AD1EB7}.Debug|Any CPU.ActiveCfg = Debug|Any CPU
		{6B3CDD7A-7335-4950-8A14-DCE5F7AD1EB7}.Debug|Any CPU.Build.0 = Debug|Any CPU
		{6B3CDD7A-7335-4950-8A14-DCE5F7AD1EB7}.Release|Any CPU.ActiveCfg = Release|Any CPU
		{6B3CDD7A-7335-4950-8A14-DCE5F7AD1EB7}.Release|Any CPU.Build.0 = Release|Any CPU
		{56114CE8-A0FE-41D6-A338-4D2802E149F6}.Debug|Any CPU.ActiveCfg = Debug|Any CPU
		{56114CE8-A0FE-41D6-A338-4D2802E149F6}.Debug|Any CPU.Build.0 = Debug|Any CPU
		{56114CE8-A0FE-41D6-A338-4D2802E149F6}.Release|Any CPU.ActiveCfg = Release|Any CPU
		{56114CE8-A0FE-41D6-A338-4D2802E149F6}.Release|Any CPU.Build.0 = Release|Any CPU
		{9F8A406F-82ED-4635-8E16-12BE85DA36C9}.Debug|Any CPU.ActiveCfg = Debug|Any CPU
		{9F8A406F-82ED-4635-8E16-12BE85DA36C9}.Debug|Any CPU.Build.0 = Debug|Any CPU
		{9F8A406F-82ED-4635-8E16-12BE85DA36C9}.Release|Any CPU.ActiveCfg = Release|Any CPU
		{9F8A406F-82ED-4635-8E16-12BE85DA36C9}.Release|Any CPU.Build.0 = Release|Any CPU
		{E11C993E-B867-491C-8C53-2B24E4D2E6E6}.Debug|Any CPU.ActiveCfg = Debug|Any CPU
		{E11C993E-B867-491C-8C53-2B24E4D2E6E6}.Debug|Any CPU.Build.0 = Debug|Any CPU
		{E11C993E-B867-491C-8C53-2B24E4D2E6E6}.Release|Any CPU.ActiveCfg = Release|Any CPU
		{E11C993E-B867-491C-8C53-2B24E4D2E6E6}.Release|Any CPU.Build.0 = Release|Any CPU
		{4CF7B117-3558-4D3E-A6B7-8C6D59A2D89F}.Debug|Any CPU.ActiveCfg = Debug|Any CPU
		{4CF7B117-3558-4D3E-A6B7-8C6D59A2D89F}.Debug|Any CPU.Build.0 = Debug|Any CPU
		{4CF7B117-3558-4D3E-A6B7-8C6D59A2D89F}.Release|Any CPU.ActiveCfg = Release|Any CPU
		{4CF7B117-3558-4D3E-A6B7-8C6D59A2D89F}.Release|Any CPU.Build.0 = Release|Any CPU
	EndGlobalSection
	GlobalSection(SolutionProperties) = preSolution
		HideSolutionNode = FALSE
	EndGlobalSection
	GlobalSection(NestedProjects) = preSolution
		{4D1A8586-386D-4A92-A59A-099395B6559A} = {85B4920D-E3D2-4EFC-8EBB-36F676970F83}
		{4496FE6A-EE26-4091-B3C1-179A32D74F1B} = {4D1A8586-386D-4A92-A59A-099395B6559A}
		{888A080F-BCBE-4437-8DC6-12F015B2224E} = {85B4920D-E3D2-4EFC-8EBB-36F676970F83}
		{6B3CDD7A-7335-4950-8A14-DCE5F7AD1EB7} = {888A080F-BCBE-4437-8DC6-12F015B2224E}
		{9448DDFC-6C83-4925-A4ED-122706B62749} = {85B4920D-E3D2-4EFC-8EBB-36F676970F83}
		{56114CE8-A0FE-41D6-A338-4D2802E149F6} = {9448DDFC-6C83-4925-A4ED-122706B62749}
		{9F8A406F-82ED-4635-8E16-12BE85DA36C9} = {9448DDFC-6C83-4925-A4ED-122706B62749}
		{E11C993E-B867-491C-8C53-2B24E4D2E6E6} = {9448DDFC-6C83-4925-A4ED-122706B62749}
		{4CF7B117-3558-4D3E-A6B7-8C6D59A2D89F} = {9448DDFC-6C83-4925-A4ED-122706B62749}
	EndGlobalSection
	GlobalSection(ExtensibilityGlobals) = postSolution
		SolutionGuid = {CFC98414-A342-4FF1-A81F-397F7388F9E4}
	EndGlobalSection
EndGlobal
